hash: 53313ecc2de4649299dc9437686af1333306b67528a243cfd7cbed4608f49281
updated: 2021-07-26T14:12:08.936211426-07:00
imports:
- name: github.com/ericfreese/escseq
  version: 86cde6b4489748309d9254edf5918d7202021647
- name: github.com/MathieuTurcotte/go-trie
  version: 907bb848563c1ffb323c7cd2edd747dcaf58a2c3
  subpackages:
  - gtrie
- name: github.com/mattn/go-runewidth
  version: 1ccc74d8c4a67ff0cbcaa5d233708c0f0fba362f
- name: github.com/nsf/termbox-go
  version: 8f994c032445f01d32d27544f62d4dfeaecfd52b
- name: github.com/rivo/uniseg
  version: 5ca5bd4a07dfe7936e955332ebd6351ea8d58693
- name: github.com/spf13/pflag
  version: d5e0c0615acee7028e1e2740a11102313be88de1
testImports: []
